
Microsoft Visual Studio Solution File, Format Version 12.00
# Visual Studio Version 17
VisualStudioVersion = 17.9.34728.123
MinimumVisualStudioVersion = 10.0.40219.1
Project("{9A19103F-16F7-4668-BE54-9A1E7A4F7556}") = "Project.Entities", "Project.Entities\Project.Entities.csproj", "{8992D254-D55B-49DC-B81B-E3767C56102E}"
EndProject
Project("{9A19103F-16F7-4668-BE54-9A1E7A4F7556}") = "Project.Dal", "Project.Dal\Project.Dal.csproj", "{9822D940-B06F-4B80-B4C4-330440261A8E}"
EndProject
Project("{9A19103F-16F7-4668-BE54-9A1E7A4F7556}") = "Project.Bll", "Project.Bll\Project.Bll.csproj", "{9376B71D-67F1-4C5A-8F0F-2164962AE94A}"
EndProject
Project("{FAE04EC0-301F-11D3-BF4B-00C04F79EFBC}") = "Project.WEBAPI", "Project.WEBAPI\Project.WEBAPI.csproj", "{4F746DEC-4021-44AE-B510-B5A418272C99}"
EndProject
Global
	GlobalSection(SolutionConfigurationPlatforms) = preSolution
		Debug|Any CPU = Debug|Any CPU
		Release|Any CPU = Release|Any CPU
	EndGlobalSection
	GlobalSection(ProjectConfigurationPlatforms) = postSolution
		{8992D254-D55B-49DC-B81B-E3767C56102E}.Debug|Any CPU.ActiveCfg = Debug|Any CPU
		{8992D254-D55B-49DC-B81B-E3767C56102E}.Debug|Any CPU.Build.0 = Debug|Any CPU
		{8992D254-D55B-49DC-B81B-E3767C56102E}.Release|Any CPU.ActiveCfg = Release|Any CPU
		{8992D254-D55B-49DC-B81B-E3767C56102E}.Release|Any CPU.Build.0 = Release|Any CPU
		{9822D940-B06F-4B80-B4C4-330440261A8E}.Debug|Any CPU.ActiveCfg = Debug|Any CPU
		{9822D940-B06F-4B80-B4C4-330440261A8E}.Debug|Any CPU.Build.0 = Debug|Any CPU
		{9822D940-B06F-4B80-B4C4-330440261A8E}.Release|Any CPU.ActiveCfg = Release|Any CPU
		{9822D940-B06F-4B80-B4C4-330440261A8E}.Release|Any CPU.Build.0 = Release|Any CPU
		{9376B71D-67F1-4C5A-8F0F-2164962AE94A}.Debug|Any CPU.ActiveCfg = Debug|Any CPU
		{9376B71D-67F1-4C5A-8F0F-2164962AE94A}.Debug|Any CPU.Build.0 = Debug|Any CPU
		{9376B71D-67F1-4C5A-8F0F-2164962AE94A}.Release|Any CPU.ActiveCfg = Release|Any CPU
		{9376B71D-67F1-4C5A-8F0F-2164962AE94A}.Release|Any CPU.Build.0 = Release|Any CPU
		{4F746DEC-4021-44AE-B510-B5A418272C99}.Debug|Any CPU.ActiveCfg = Debug|Any CPU
		{4F746DEC-4021-44AE-B510-B5A418272C99}.Debug|Any CPU.Build.0 = Debug|Any CPU
		{4F746DEC-4021-44AE-B510-B5A418272C99}.Release|Any CPU.ActiveCfg = Release|Any CPU
		{4F746DEC-4021-44AE-B510-B5A418272C99}.Release|Any CPU.Build.0 = Release|Any CPU
	EndGlobalSection
	GlobalSection(SolutionProperties) = preSolution
		HideSolutionNode = FALSE
	EndGlobalSection
	GlobalSection(ExtensibilityGlobals) = postSolution
		SolutionGuid = {FFBC9DEC-B662-427D-97E9-1057ABB4DD77}
	EndGlobalSection
EndGlobal
