
Microsoft Visual Studio Solution File, Format Version 12.00
# Visual Studio Version 17
VisualStudioVersion = 17.9.34728.123
MinimumVisualStudioVersion = 10.0.40219.1
Project("{FAE04EC0-301F-11D3-BF4B-00C04F79EFBC}") = "eCommerce", "eCommerce.csproj", "{0C8430B6-2081-4B99-8952-924CF2A4B81B}"
EndProject
Global
	GlobalSection(SolutionConfigurationPlatforms) = preSolution
		Debug|Any CPU = Debug|Any CPU
		Release|Any CPU = Release|Any CPU
	EndGlobalSection
	GlobalSection(ProjectConfigurationPlatforms) = postSolution
		{0C8430B6-2081-4B99-8952-924CF2A4B81B}.Debug|Any CPU.ActiveCfg = Debug|Any CPU
		{0C8430B6-2081-4B99-8952-924CF2A4B81B}.Debug|Any CPU.Build.0 = Debug|Any CPU
		{0C8430B6-2081-4B99-8952-924CF2A4B81B}.Release|Any CPU.ActiveCfg = Release|Any CPU
		{0C8430B6-2081-4B99-8952-924CF2A4B81B}.Release|Any CPU.Build.0 = Release|Any CPU
	EndGlobalSection
	GlobalSection(SolutionProperties) = preSolution
		HideSolutionNode = FALSE
	EndGlobalSection
	GlobalSection(ExtensibilityGlobals) = postSolution
		SolutionGuid = {0D20EDDB-25FE-45DE-8E66-D2405E1F01FA}
	EndGlobalSection
EndGlobal
