
Microsoft Visual Studio Solution File, Format Version 12.00
# Visual Studio Version 17
VisualStudioVersion = 17.9.34902.65
MinimumVisualStudioVersion = 10.0.40219.1
Project("{FAE04EC0-301F-11D3-BF4B-00C04F79EFBC}") = "EntityFramworkCore.WebAPI", "EntityFramworkCore.WebAPI.csproj", "{4827FCD8-4107-481A-B29A-D3F33D4D1375}"
EndProject
Global
	GlobalSection(SolutionConfigurationPlatforms) = preSolution
		Debug|Any CPU = Debug|Any CPU
		Release|Any CPU = Release|Any CPU
	EndGlobalSection
	GlobalSection(ProjectConfigurationPlatforms) = postSolution
		{4827FCD8-4107-481A-B29A-D3F33D4D1375}.Debug|Any CPU.ActiveCfg = Debug|Any CPU
		{4827FCD8-4107-481A-B29A-D3F33D4D1375}.Debug|Any CPU.Build.0 = Debug|Any CPU
		{4827FCD8-4107-481A-B29A-D3F33D4D1375}.Release|Any CPU.ActiveCfg = Release|Any CPU
		{4827FCD8-4107-481A-B29A-D3F33D4D1375}.Release|Any CPU.Build.0 = Release|Any CPU
	EndGlobalSection
	GlobalSection(SolutionProperties) = preSolution
		HideSolutionNode = FALSE
	EndGlobalSection
	GlobalSection(ExtensibilityGlobals) = postSolution
		SolutionGuid = {561BFB1C-557C-45B8-9D00-2621424E7B3B}
	EndGlobalSection
EndGlobal
