
Microsoft Visual Studio Solution File, Format Version 12.00
# Visual Studio Version 17
VisualStudioVersion = 17.9.34902.65
MinimumVisualStudioVersion = 10.0.40219.1
Project("{FAE04EC0-301F-11D3-BF4B-00C04F79EFBC}") = "Middleware.WebAPI", "Middleware.WebAPI\Middleware.WebAPI.csproj", "{D820B5CD-AF5D-44FD-A85E-4916F9EB3069}"
EndProject
Global
	GlobalSection(SolutionConfigurationPlatforms) = preSolution
		Debug|Any CPU = Debug|Any CPU
		Release|Any CPU = Release|Any CPU
	EndGlobalSection
	GlobalSection(ProjectConfigurationPlatforms) = postSolution
		{D820B5CD-AF5D-44FD-A85E-4916F9EB3069}.Debug|Any CPU.ActiveCfg = Debug|Any CPU
		{D820B5CD-AF5D-44FD-A85E-4916F9EB3069}.Debug|Any CPU.Build.0 = Debug|Any CPU
		{D820B5CD-AF5D-44FD-A85E-4916F9EB3069}.Release|Any CPU.ActiveCfg = Release|Any CPU
		{D820B5CD-AF5D-44FD-A85E-4916F9EB3069}.Release|Any CPU.Build.0 = Release|Any CPU
	EndGlobalSection
	GlobalSection(SolutionProperties) = preSolution
		HideSolutionNode = FALSE
	EndGlobalSection
	GlobalSection(ExtensibilityGlobals) = postSolution
		SolutionGuid = {FCB9A248-9277-430E-85D4-1A09D30AC9DB}
	EndGlobalSection
EndGlobal
